
Microsoft Visual Studio Solution File, Format Version 12.00
# Visual Studio Version 16
VisualStudioVersion = 16.0.30011.22
MinimumVisualStudioVersion = 10.0.40219.1
Project("{FAE04EC0-301F-11D3-BF4B-00C04F79EFBC}") = "SuperAdventure", "SuperAdventure\SuperAdventure.csproj", "{37B899C6-BB16-4052-8708-F436E82BC1C2}"
EndProject
Project("{FAE04EC0-301F-11D3-BF4B-00C04F79EFBC}") = "Engine", "Engine\Engine.csproj", "{BDE4B7A2-264D-4FD7-A666-9356E2AB64A7}"
EndProject
Project("{FAE04EC0-301F-11D3-BF4B-00C04F79EFBC}") = "SuperAdentureConsole", "SuperAdentureConsole\SuperAdentureConsole.csproj", "{AFDE0DE9-AB04-4562-9576-79BED356A454}"
EndProject
Global
	GlobalSection(SolutionConfigurationPlatforms) = preSolution
		Debug|Any CPU = Debug|Any CPU
		Release|Any CPU = Release|Any CPU
	EndGlobalSection
	GlobalSection(ProjectConfigurationPlatforms) = postSolution
		{37B899C6-BB16-4052-8708-F436E82BC1C2}.Debug|Any CPU.ActiveCfg = Debug|Any CPU
		{37B899C6-BB16-4052-8708-F436E82BC1C2}.Debug|Any CPU.Build.0 = Debug|Any CPU
		{37B899C6-BB16-4052-8708-F436E82BC1C2}.Release|Any CPU.ActiveCfg = Release|Any CPU
		{37B899C6-BB16-4052-8708-F436E82BC1C2}.Release|Any CPU.Build.0 = Release|Any CPU
		{BDE4B7A2-264D-4FD7-A666-9356E2AB64A7}.Debug|Any CPU.ActiveCfg = Debug|Any CPU
		{BDE4B7A2-264D-4FD7-A666-9356E2AB64A7}.Debug|Any CPU.Build.0 = Debug|Any CPU
		{BDE4B7A2-264D-4FD7-A666-9356E2AB64A7}.Release|Any CPU.ActiveCfg = Release|Any CPU
		{BDE4B7A2-264D-4FD7-A666-9356E2AB64A7}.Release|Any CPU.Build.0 = Release|Any CPU
		{AFDE0DE9-AB04-4562-9576-79BED356A454}.Debug|Any CPU.ActiveCfg = Debug|Any CPU
		{AFDE0DE9-AB04-4562-9576-79BED356A454}.Debug|Any CPU.Build.0 = Debug|Any CPU
		{AFDE0DE9-AB04-4562-9576-79BED356A454}.Release|Any CPU.ActiveCfg = Release|Any CPU
		{AFDE0DE9-AB04-4562-9576-79BED356A454}.Release|Any CPU.Build.0 = Release|Any CPU
	EndGlobalSection
	GlobalSection(SolutionProperties) = preSolution
		HideSolutionNode = FALSE
	EndGlobalSection
	GlobalSection(ExtensibilityGlobals) = postSolution
		SolutionGuid = {EE1A26FC-7D20-4ABA-AE64-435D64A664F2}
	EndGlobalSection
EndGlobal
